
Microsoft Visual Studio Solution File, Format Version 12.00
# Visual Studio 14
VisualStudioVersion = 14.0.25420.1
MinimumVisualStudioVersion = 10.0.40219.1
Project("{2150E333-8FDC-42A3-9474-1A3956D46DE8}") = "CL.Components", "CL.Components", "{7E143A47-AC32-44AE-8317-8D613035BBF8}"
EndProject
Project("{2150E333-8FDC-42A3-9474-1A3956D46DE8}") = "CL.Dapper", "CL.Dapper", "{1BD8ADA7-4D90-4030-8A3D-E4E424A1908E}"
EndProject
Project("{2150E333-8FDC-42A3-9474-1A3956D46DE8}") = "CL.Tools", "CL.Tools", "{A77C4AF4-B3CF-46EF-A4B6-6241943B9B01}"
EndProject
Project("{2150E333-8FDC-42A3-9474-1A3956D46DE8}") = "CL.Game", "CL.Game", "{97136FCE-5124-41A3-B151-92DAB2DC3861}"
EndProject
Project("{FAE04EC0-301F-11D3-BF4B-00C04F79EFBC}") = "CL.WebAPI", "CL.Game\WebAPI\CL.WebAPI.csproj", "{AA7D8982-A735-487A-AF58-CB31257558ED}"
EndProject
Project("{FAE04EC0-301F-11D3-BF4B-00C04F79EFBC}") = "CL.Dapper.Repository", "CL.Dapper\CL.Dapper.Repository\CL.Dapper.Repository.csproj", "{68E756D6-BD84-452E-B45C-57E6F7BBFCCB}"
EndProject
Project("{FAE04EC0-301F-11D3-BF4B-00C04F79EFBC}") = "CL.Dapper.SimpleCRUD", "CL.Dapper\CL.Dapper.SimpleCRUD\CL.Dapper.SimpleCRUD.csproj", "{862F75DB-DB5E-4D5C-A4B2-79F17B1B4288}"
EndProject
Project("{2150E333-8FDC-42A3-9474-1A3956D46DE8}") = "CL.Enum", "CL.Enum", "{5939AF71-CE49-4676-AD0F-67DE157521A2}"
EndProject
Project("{2150E333-8FDC-42A3-9474-1A3956D46DE8}") = "CL.Entity", "CL.Entity", "{D5CA5390-8999-42D1-9D95-1A5A834CCF04}"
EndProject
Project("{2150E333-8FDC-42A3-9474-1A3956D46DE8}") = "CL.DAL", "CL.DAL", "{2F822D98-0BCB-4C80-8CD4-B2C2550FAE1C}"
EndProject
Project("{2150E333-8FDC-42A3-9474-1A3956D46DE8}") = "CL.BLL", "CL.BLL", "{A08D551A-F19D-48B3-8EA1-DA772C89DA34}"
EndProject
Project("{FAE04EC0-301F-11D3-BF4B-00C04F79EFBC}") = "CL.Game.Entity", "CL.Entity\CL.Game.Entity\CL.Game.Entity.csproj", "{22736512-F2C2-42A9-9446-456EA9AD42DA}"
EndProject
Project("{FAE04EC0-301F-11D3-BF4B-00C04F79EFBC}") = "CL.Coupons.Entity", "CL.Entity\CL.RedPacket.Entity\CL.Coupons.Entity.csproj", "{119984D5-1A2C-4C0D-A10B-D5919FCA1592}"
EndProject
Project("{FAE04EC0-301F-11D3-BF4B-00C04F79EFBC}") = "CL.SystemInfo.Entity", "CL.Entity\CL.System.Entity\CL.SystemInfo.Entity.csproj", "{F75717C4-6BE1-4A58-AD3D-EEFC392D996D}"
EndProject
Project("{FAE04EC0-301F-11D3-BF4B-00C04F79EFBC}") = "CL.Game.DAL", "CL.DAL\CL.Game.DAL\CL.Game.DAL.csproj", "{C8E66BDA-5BED-4C03-8EEC-2844B0929EC5}"
EndProject
Project("{FAE04EC0-301F-11D3-BF4B-00C04F79EFBC}") = "CL.Coupons.DAL", "CL.DAL\CL.RedPacket.DAL\CL.Coupons.DAL.csproj", "{48C06641-6871-4EF4-B3E0-AA124FC629EF}"
EndProject
Project("{FAE04EC0-301F-11D3-BF4B-00C04F79EFBC}") = "CL.SystemInfo.DAL", "CL.DAL\CL.System.DAL\CL.SystemInfo.DAL.csproj", "{E8438163-E069-4DFB-8B17-E6AE849697A7}"
EndProject
Project("{FAE04EC0-301F-11D3-BF4B-00C04F79EFBC}") = "CL.Game.BLL", "CL.BLL\CL.Game.BLL\CL.Game.BLL.csproj", "{B46C62E7-2936-4298-8DBC-6A7D1C3FB977}"
EndProject
Project("{FAE04EC0-301F-11D3-BF4B-00C04F79EFBC}") = "CL.Coupons.BLL", "CL.BLL\CL.RedPacket.BLL\CL.Coupons.BLL.csproj", "{850ED87D-6CD4-47A3-88BD-3101DE8F86CE}"
EndProject
Project("{FAE04EC0-301F-11D3-BF4B-00C04F79EFBC}") = "CL.SystemInfo.BLL", "CL.BLL\CL.System.BLL\CL.SystemInfo.BLL.csproj", "{CD18BDBA-DAF5-4365-AA6D-B3E02D43F09A}"
EndProject
Project("{FAE04EC0-301F-11D3-BF4B-00C04F79EFBC}") = "CL.Tools.RedisBase", "CL.Tools\CL.Tools.RedisBase\CL.Tools.RedisBase.csproj", "{8FDA8A8A-4036-467D-B1BD-BFC391023D42}"
EndProject
Project("{FAE04EC0-301F-11D3-BF4B-00C04F79EFBC}") = "CL.Admin", "CL.Game\CL.Admin\CL.Admin.csproj", "{95BEE1C1-717F-49C6-9AD6-F2332C8C284A}"
EndProject
Project("{FAE04EC0-301F-11D3-BF4B-00C04F79EFBC}") = "CL.Enum.Common", "CL.Enum\CL.Enum.Common\CL.Enum.Common.csproj", "{3307D500-B76C-4435-B5B8-34AC7CB7D337}"
EndProject
Project("{FAE04EC0-301F-11D3-BF4B-00C04F79EFBC}") = "CL.Tools.Common", "CL.Tools\CL.Tools.Common\CL.Tools.Common.csproj", "{4D4AEACE-08CB-4426-A868-7F5F5D20CF38}"
EndProject
Project("{FAE04EC0-301F-11D3-BF4B-00C04F79EFBC}") = "CL.Json.Entity", "CL.Entity\CL.Entity.Json\CL.Json.Entity.csproj", "{CEBC7D84-68A9-4A03-8191-386B696201C4}"
EndProject
Project("{FAE04EC0-301F-11D3-BF4B-00C04F79EFBC}") = "CL.Redis.BLL", "CL.BLL\CL.Redis.BLL\CL.Redis.BLL.csproj", "{F7E8DF8B-F60D-457E-9DCC-4F2596FCC41A}"
EndProject
Project("{FAE04EC0-301F-11D3-BF4B-00C04F79EFBC}") = "CL.View.Entity", "CL.Entity\CL.View.Entity\CL.View.Entity.csproj", "{6AD1025F-6D2F-498E-8B04-E693A3AE6776}"
EndProject
Project("{FAE04EC0-301F-11D3-BF4B-00C04F79EFBC}") = "CL.Tools.MSMQManager", "CL.Tools\CL.Tools.MSMQManager\CL.Tools.MSMQManager.csproj", "{1DD77B97-79FE-4EAD-8579-B975EC30BA52}"
EndProject
Project("{FAE04EC0-301F-11D3-BF4B-00C04F79EFBC}") = "CL.Tools.TicketInterface", "CL.Tools\CL.Tools.TicketInterface\CL.Tools.TicketInterface.csproj", "{3C7A8681-32DF-4485-AFA1-95C683AE42CC}"
EndProject
Project("{FAE04EC0-301F-11D3-BF4B-00C04F79EFBC}") = "CL.Tools.LotteryTickets", "CL.Tools\CL.Tools.LotteryTickets\CL.Tools.LotteryTickets.csproj", "{DBCB0D02-2D15-4565-9380-6C4CD7E53E4A}"
EndProject
Project("{FAE04EC0-301F-11D3-BF4B-00C04F79EFBC}") = "CL.Tools.LotterySplitTickets", "CL.Tools\CL.Tools.LotterySplitTickets\CL.Tools.LotterySplitTickets.csproj", "{CB9BB549-534E-42A3-8F0D-9D273D5CF01C}"
EndProject
Project("{FAE04EC0-301F-11D3-BF4B-00C04F79EFBC}") = "CL.ReptileServer", "CL.Components\CL.ReptileServer\CL.ReptileServer.csproj", "{86C830C7-68C1-4ED8-84FF-657CE342183D}"
EndProject
Project("{FAE04EC0-301F-11D3-BF4B-00C04F79EFBC}") = "CL.TicketReceiverService", "CL.Components\CL.TicketReceiverService\CL.TicketReceiverService.csproj", "{FD836ABB-8E2A-4611-A25E-3B09308EE4A2}"
EndProject
Project("{FAE04EC0-301F-11D3-BF4B-00C04F79EFBC}") = "CL.TicketOutService", "CL.Components\CL.TicketOutService\CL.TicketOutService.csproj", "{95DFABB3-0201-4CEB-B76A-A5BCF6949835}"
EndProject
Project("{FAE04EC0-301F-11D3-BF4B-00C04F79EFBC}") = "CL.ComputeLottery", "CL.Components\CL.ComputeLottery\CL.ComputeLottery.csproj", "{D421B978-779D-4CF0-9FE3-39ED7367E6DD}"
EndProject
Project("{FAE04EC0-301F-11D3-BF4B-00C04F79EFBC}") = "CL.AwardServer", "CL.Components\CL.AwardServer\CL.AwardServer.csproj", "{E225BAB2-E231-4FAC-8E94-035C6E5D1B5D}"
EndProject
Project("{FAE04EC0-301F-11D3-BF4B-00C04F79EFBC}") = "CL.Tools.LotteryTrendChart", "CL.Tools\CL.Tools.LotteryTrendChart\CL.Tools.LotteryTrendChart.csproj", "{84EB7A56-172E-46C2-B6BF-4C0D9470592C}"
EndProject
Project("{2150E333-8FDC-42A3-9474-1A3956D46DE8}") = "CL.Plugins", "CL.Plugins", "{83E999BB-D2E3-4D2A-B57D-594BD617C638}"
EndProject
Project("{FAE04EC0-301F-11D3-BF4B-00C04F79EFBC}") = "CL.Plugins.Award", "CL.Plugins\CL.Plugins.Award\CL.Plugins.Award.csproj", "{9BBBCFFB-AF4C-46CB-A994-88E1123CCD94}"
EndProject
Project("{FAE04EC0-301F-11D3-BF4B-00C04F79EFBC}") = "CL.Tools.JiGuangPush", "CL.Tools\CL.Tools.JiGuangPush\CL.Tools.JiGuangPush.csproj", "{A26537C2-B79F-457A-9277-6F539FF40EB4}"
EndProject
Global
	GlobalSection(SolutionConfigurationPlatforms) = preSolution
		Debug|Any CPU = Debug|Any CPU
		Debug|x64 = Debug|x64
		Debug|x86 = Debug|x86
		Release|Any CPU = Release|Any CPU
		Release|x64 = Release|x64
		Release|x86 = Release|x86
	EndGlobalSection
	GlobalSection(ProjectConfigurationPlatforms) = postSolution
		{AA7D8982-A735-487A-AF58-CB31257558ED}.Debug|Any CPU.ActiveCfg = Debug|Any CPU
		{AA7D8982-A735-487A-AF58-CB31257558ED}.Debug|Any CPU.Build.0 = Debug|Any CPU
		{AA7D8982-A735-487A-AF58-CB31257558ED}.Debug|x64.ActiveCfg = Debug|Any CPU
		{AA7D8982-A735-487A-AF58-CB31257558ED}.Debug|x64.Build.0 = Debug|Any CPU
		{AA7D8982-A735-487A-AF58-CB31257558ED}.Debug|x86.ActiveCfg = Debug|Any CPU
		{AA7D8982-A735-487A-AF58-CB31257558ED}.Debug|x86.Build.0 = Debug|Any CPU
		{AA7D8982-A735-487A-AF58-CB31257558ED}.Release|Any CPU.ActiveCfg = Release|Any CPU
		{AA7D8982-A735-487A-AF58-CB31257558ED}.Release|Any CPU.Build.0 = Release|Any CPU
		{AA7D8982-A735-487A-AF58-CB31257558ED}.Release|x64.ActiveCfg = Release|Any CPU
		{AA7D8982-A735-487A-AF58-CB31257558ED}.Release|x64.Build.0 = Release|Any CPU
		{AA7D8982-A735-487A-AF58-CB31257558ED}.Release|x86.ActiveCfg = Release|Any CPU
		{AA7D8982-A735-487A-AF58-CB31257558ED}.Release|x86.Build.0 = Release|Any CPU
		{68E756D6-BD84-452E-B45C-57E6F7BBFCCB}.Debug|Any CPU.ActiveCfg = Debug|Any CPU
		{68E756D6-BD84-452E-B45C-57E6F7BBFCCB}.Debug|Any CPU.Build.0 = Debug|Any CPU
		{68E756D6-BD84-452E-B45C-57E6F7BBFCCB}.Debug|x64.ActiveCfg = Debug|Any CPU
		{68E756D6-BD84-452E-B45C-57E6F7BBFCCB}.Debug|x64.Build.0 = Debug|Any CPU
		{68E756D6-BD84-452E-B45C-57E6F7BBFCCB}.Debug|x86.ActiveCfg = Debug|Any CPU
		{68E756D6-BD84-452E-B45C-57E6F7BBFCCB}.Debug|x86.Build.0 = Debug|Any CPU
		{68E756D6-BD84-452E-B45C-57E6F7BBFCCB}.Release|Any CPU.ActiveCfg = Release|Any CPU
		{68E756D6-BD84-452E-B45C-57E6F7BBFCCB}.Release|Any CPU.Build.0 = Release|Any CPU
		{68E756D6-BD84-452E-B45C-57E6F7BBFCCB}.Release|x64.ActiveCfg = Release|Any CPU
		{68E756D6-BD84-452E-B45C-57E6F7BBFCCB}.Release|x64.Build.0 = Release|Any CPU
		{68E756D6-BD84-452E-B45C-57E6F7BBFCCB}.Release|x86.ActiveCfg = Release|Any CPU
		{68E756D6-BD84-452E-B45C-57E6F7BBFCCB}.Release|x86.Build.0 = Release|Any CPU
		{862F75DB-DB5E-4D5C-A4B2-79F17B1B4288}.Debug|Any CPU.ActiveCfg = Debug|Any CPU
		{862F75DB-DB5E-4D5C-A4B2-79F17B1B4288}.Debug|Any CPU.Build.0 = Debug|Any CPU
		{862F75DB-DB5E-4D5C-A4B2-79F17B1B4288}.Debug|x64.ActiveCfg = Debug|Any CPU
		{862F75DB-DB5E-4D5C-A4B2-79F17B1B4288}.Debug|x64.Build.0 = Debug|Any CPU
		{862F75DB-DB5E-4D5C-A4B2-79F17B1B4288}.Debug|x86.ActiveCfg = Debug|Any CPU
		{862F75DB-DB5E-4D5C-A4B2-79F17B1B4288}.Debug|x86.Build.0 = Debug|Any CPU
		{862F75DB-DB5E-4D5C-A4B2-79F17B1B4288}.Release|Any CPU.ActiveCfg = Release|Any CPU
		{862F75DB-DB5E-4D5C-A4B2-79F17B1B4288}.Release|Any CPU.Build.0 = Release|Any CPU
		{862F75DB-DB5E-4D5C-A4B2-79F17B1B4288}.Release|x64.ActiveCfg = Release|Any CPU
		{862F75DB-DB5E-4D5C-A4B2-79F17B1B4288}.Release|x64.Build.0 = Release|Any CPU
		{862F75DB-DB5E-4D5C-A4B2-79F17B1B4288}.Release|x86.ActiveCfg = Release|Any CPU
		{862F75DB-DB5E-4D5C-A4B2-79F17B1B4288}.Release|x86.Build.0 = Release|Any CPU
		{22736512-F2C2-42A9-9446-456EA9AD42DA}.Debug|Any CPU.ActiveCfg = Debug|Any CPU
		{22736512-F2C2-42A9-9446-456EA9AD42DA}.Debug|Any CPU.Build.0 = Debug|Any CPU
		{22736512-F2C2-42A9-9446-456EA9AD42DA}.Debug|x64.ActiveCfg = Debug|Any CPU
		{22736512-F2C2-42A9-9446-456EA9AD42DA}.Debug|x64.Build.0 = Debug|Any CPU
		{22736512-F2C2-42A9-9446-456EA9AD42DA}.Debug|x86.ActiveCfg = Debug|Any CPU
		{22736512-F2C2-42A9-9446-456EA9AD42DA}.Debug|x86.Build.0 = Debug|Any CPU
		{22736512-F2C2-42A9-9446-456EA9AD42DA}.Release|Any CPU.ActiveCfg = Release|Any CPU
		{22736512-F2C2-42A9-9446-456EA9AD42DA}.Release|Any CPU.Build.0 = Release|Any CPU
		{22736512-F2C2-42A9-9446-456EA9AD42DA}.Release|x64.ActiveCfg = Release|Any CPU
		{22736512-F2C2-42A9-9446-456EA9AD42DA}.Release|x64.Build.0 = Release|Any CPU
		{22736512-F2C2-42A9-9446-456EA9AD42DA}.Release|x86.ActiveCfg = Release|Any CPU
		{22736512-F2C2-42A9-9446-456EA9AD42DA}.Release|x86.Build.0 = Release|Any CPU
		{119984D5-1A2C-4C0D-A10B-D5919FCA1592}.Debug|Any CPU.ActiveCfg = Debug|Any CPU
		{119984D5-1A2C-4C0D-A10B-D5919FCA1592}.Debug|Any CPU.Build.0 = Debug|Any CPU
		{119984D5-1A2C-4C0D-A10B-D5919FCA1592}.Debug|x64.ActiveCfg = Debug|Any CPU
		{119984D5-1A2C-4C0D-A10B-D5919FCA1592}.Debug|x64.Build.0 = Debug|Any CPU
		{119984D5-1A2C-4C0D-A10B-D5919FCA1592}.Debug|x86.ActiveCfg = Debug|Any CPU
		{119984D5-1A2C-4C0D-A10B-D5919FCA1592}.Debug|x86.Build.0 = Debug|Any CPU
		{119984D5-1A2C-4C0D-A10B-D5919FCA1592}.Release|Any CPU.ActiveCfg = Release|Any CPU
		{119984D5-1A2C-4C0D-A10B-D5919FCA1592}.Release|Any CPU.Build.0 = Release|Any CPU
		{119984D5-1A2C-4C0D-A10B-D5919FCA1592}.Release|x64.ActiveCfg = Release|Any CPU
		{119984D5-1A2C-4C0D-A10B-D5919FCA1592}.Release|x64.Build.0 = Release|Any CPU
		{119984D5-1A2C-4C0D-A10B-D5919FCA1592}.Release|x86.ActiveCfg = Release|Any CPU
		{119984D5-1A2C-4C0D-A10B-D5919FCA1592}.Release|x86.Build.0 = Release|Any CPU
		{F75717C4-6BE1-4A58-AD3D-EEFC392D996D}.Debug|Any CPU.ActiveCfg = Debug|Any CPU
		{F75717C4-6BE1-4A58-AD3D-EEFC392D996D}.Debug|Any CPU.Build.0 = Debug|Any CPU
		{F75717C4-6BE1-4A58-AD3D-EEFC392D996D}.Debug|x64.ActiveCfg = Debug|Any CPU
		{F75717C4-6BE1-4A58-AD3D-EEFC392D996D}.Debug|x64.Build.0 = Debug|Any CPU
		{F75717C4-6BE1-4A58-AD3D-EEFC392D996D}.Debug|x86.ActiveCfg = Debug|Any CPU
		{F75717C4-6BE1-4A58-AD3D-EEFC392D996D}.Debug|x86.Build.0 = Debug|Any CPU
		{F75717C4-6BE1-4A58-AD3D-EEFC392D996D}.Release|Any CPU.ActiveCfg = Release|Any CPU
		{F75717C4-6BE1-4A58-AD3D-EEFC392D996D}.Release|Any CPU.Build.0 = Release|Any CPU
		{F75717C4-6BE1-4A58-AD3D-EEFC392D996D}.Release|x64.ActiveCfg = Release|Any CPU
		{F75717C4-6BE1-4A58-AD3D-EEFC392D996D}.Release|x64.Build.0 = Release|Any CPU
		{F75717C4-6BE1-4A58-AD3D-EEFC392D996D}.Release|x86.ActiveCfg = Release|Any CPU
		{F75717C4-6BE1-4A58-AD3D-EEFC392D996D}.Release|x86.Build.0 = Release|Any CPU
		{C8E66BDA-5BED-4C03-8EEC-2844B0929EC5}.Debug|Any CPU.ActiveCfg = Debug|Any CPU
		{C8E66BDA-5BED-4C03-8EEC-2844B0929EC5}.Debug|Any CPU.Build.0 = Debug|Any CPU
		{C8E66BDA-5BED-4C03-8EEC-2844B0929EC5}.Debug|x64.ActiveCfg = Debug|Any CPU
		{C8E66BDA-5BED-4C03-8EEC-2844B0929EC5}.Debug|x64.Build.0 = Debug|Any CPU
		{C8E66BDA-5BED-4C03-8EEC-2844B0929EC5}.Debug|x86.ActiveCfg = Debug|Any CPU
		{C8E66BDA-5BED-4C03-8EEC-2844B0929EC5}.Debug|x86.Build.0 = Debug|Any CPU
		{C8E66BDA-5BED-4C03-8EEC-2844B0929EC5}.Release|Any CPU.ActiveCfg = Release|Any CPU
		{C8E66BDA-5BED-4C03-8EEC-2844B0929EC5}.Release|Any CPU.Build.0 = Release|Any CPU
		{C8E66BDA-5BED-4C03-8EEC-2844B0929EC5}.Release|x64.ActiveCfg = Release|Any CPU
		{C8E66BDA-5BED-4C03-8EEC-2844B0929EC5}.Release|x64.Build.0 = Release|Any CPU
		{C8E66BDA-5BED-4C03-8EEC-2844B0929EC5}.Release|x86.ActiveCfg = Release|Any CPU
		{C8E66BDA-5BED-4C03-8EEC-2844B0929EC5}.Release|x86.Build.0 = Release|Any CPU
		{48C06641-6871-4EF4-B3E0-AA124FC629EF}.Debug|Any CPU.ActiveCfg = Debug|Any CPU
		{48C06641-6871-4EF4-B3E0-AA124FC629EF}.Debug|Any CPU.Build.0 = Debug|Any CPU
		{48C06641-6871-4EF4-B3E0-AA124FC629EF}.Debug|x64.ActiveCfg = Debug|Any CPU
		{48C06641-6871-4EF4-B3E0-AA124FC629EF}.Debug|x64.Build.0 = Debug|Any CPU
		{48C06641-6871-4EF4-B3E0-AA124FC629EF}.Debug|x86.ActiveCfg = Debug|Any CPU
		{48C06641-6871-4EF4-B3E0-AA124FC629EF}.Debug|x86.Build.0 = Debug|Any CPU
		{48C06641-6871-4EF4-B3E0-AA124FC629EF}.Release|Any CPU.ActiveCfg = Release|Any CPU
		{48C06641-6871-4EF4-B3E0-AA124FC629EF}.Release|Any CPU.Build.0 = Release|Any CPU
		{48C06641-6871-4EF4-B3E0-AA124FC629EF}.Release|x64.ActiveCfg = Release|Any CPU
		{48C06641-6871-4EF4-B3E0-AA124FC629EF}.Release|x64.Build.0 = Release|Any CPU
		{48C06641-6871-4EF4-B3E0-AA124FC629EF}.Release|x86.ActiveCfg = Release|Any CPU
		{48C06641-6871-4EF4-B3E0-AA124FC629EF}.Release|x86.Build.0 = Release|Any CPU
		{E8438163-E069-4DFB-8B17-E6AE849697A7}.Debug|Any CPU.ActiveCfg = Debug|Any CPU
		{E8438163-E069-4DFB-8B17-E6AE849697A7}.Debug|Any CPU.Build.0 = Debug|Any CPU
		{E8438163-E069-4DFB-8B17-E6AE849697A7}.Debug|x64.ActiveCfg = Debug|Any CPU
		{E8438163-E069-4DFB-8B17-E6AE849697A7}.Debug|x64.Build.0 = Debug|Any CPU
		{E8438163-E069-4DFB-8B17-E6AE849697A7}.Debug|x86.ActiveCfg = Debug|Any CPU
		{E8438163-E069-4DFB-8B17-E6AE849697A7}.Debug|x86.Build.0 = Debug|Any CPU
		{E8438163-E069-4DFB-8B17-E6AE849697A7}.Release|Any CPU.ActiveCfg = Release|Any CPU
		{E8438163-E069-4DFB-8B17-E6AE849697A7}.Release|Any CPU.Build.0 = Release|Any CPU
		{E8438163-E069-4DFB-8B17-E6AE849697A7}.Release|x64.ActiveCfg = Release|Any CPU
		{E8438163-E069-4DFB-8B17-E6AE849697A7}.Release|x64.Build.0 = Release|Any CPU
		{E8438163-E069-4DFB-8B17-E6AE849697A7}.Release|x86.ActiveCfg = Release|Any CPU
		{E8438163-E069-4DFB-8B17-E6AE849697A7}.Release|x86.Build.0 = Release|Any CPU
		{B46C62E7-2936-4298-8DBC-6A7D1C3FB977}.Debug|Any CPU.ActiveCfg = Debug|Any CPU
		{B46C62E7-2936-4298-8DBC-6A7D1C3FB977}.Debug|Any CPU.Build.0 = Debug|Any CPU
		{B46C62E7-2936-4298-8DBC-6A7D1C3FB977}.Debug|x64.ActiveCfg = Debug|Any CPU
		{B46C62E7-2936-4298-8DBC-6A7D1C3FB977}.Debug|x64.Build.0 = Debug|Any CPU
		{B46C62E7-2936-4298-8DBC-6A7D1C3FB977}.Debug|x86.ActiveCfg = Debug|Any CPU
		{B46C62E7-2936-4298-8DBC-6A7D1C3FB977}.Debug|x86.Build.0 = Debug|Any CPU
		{B46C62E7-2936-4298-8DBC-6A7D1C3FB977}.Release|Any CPU.ActiveCfg = Release|Any CPU
		{B46C62E7-2936-4298-8DBC-6A7D1C3FB977}.Release|Any CPU.Build.0 = Release|Any CPU
		{B46C62E7-2936-4298-8DBC-6A7D1C3FB977}.Release|x64.ActiveCfg = Release|Any CPU
		{B46C62E7-2936-4298-8DBC-6A7D1C3FB977}.Release|x64.Build.0 = Release|Any CPU
		{B46C62E7-2936-4298-8DBC-6A7D1C3FB977}.Release|x86.ActiveCfg = Release|Any CPU
		{B46C62E7-2936-4298-8DBC-6A7D1C3FB977}.Release|x86.Build.0 = Release|Any CPU
		{850ED87D-6CD4-47A3-88BD-3101DE8F86CE}.Debug|Any CPU.ActiveCfg = Debug|Any CPU
		{850ED87D-6CD4-47A3-88BD-3101DE8F86CE}.Debug|Any CPU.Build.0 = Debug|Any CPU
		{850ED87D-6CD4-47A3-88BD-3101DE8F86CE}.Debug|x64.ActiveCfg = Debug|Any CPU
		{850ED87D-6CD4-47A3-88BD-3101DE8F86CE}.Debug|x64.Build.0 = Debug|Any CPU
		{850ED87D-6CD4-47A3-88BD-3101DE8F86CE}.Debug|x86.ActiveCfg = Debug|Any CPU
		{850ED87D-6CD4-47A3-88BD-3101DE8F86CE}.Debug|x86.Build.0 = Debug|Any CPU
		{850ED87D-6CD4-47A3-88BD-3101DE8F86CE}.Release|Any CPU.ActiveCfg = Release|Any CPU
		{850ED87D-6CD4-47A3-88BD-3101DE8F86CE}.Release|Any CPU.Build.0 = Release|Any CPU
		{850ED87D-6CD4-47A3-88BD-3101DE8F86CE}.Release|x64.ActiveCfg = Release|Any CPU
		{850ED87D-6CD4-47A3-88BD-3101DE8F86CE}.Release|x64.Build.0 = Release|Any CPU
		{850ED87D-6CD4-47A3-88BD-3101DE8F86CE}.Release|x86.ActiveCfg = Release|Any CPU
		{850ED87D-6CD4-47A3-88BD-3101DE8F86CE}.Release|x86.Build.0 = Release|Any CPU
		{CD18BDBA-DAF5-4365-AA6D-B3E02D43F09A}.Debug|Any CPU.ActiveCfg = Debug|Any CPU
		{CD18BDBA-DAF5-4365-AA6D-B3E02D43F09A}.Debug|Any CPU.Build.0 = Debug|Any CPU
		{CD18BDBA-DAF5-4365-AA6D-B3E02D43F09A}.Debug|x64.ActiveCfg = Debug|Any CPU
		{CD18BDBA-DAF5-4365-AA6D-B3E02D43F09A}.Debug|x64.Build.0 = Debug|Any CPU
		{CD18BDBA-DAF5-4365-AA6D-B3E02D43F09A}.Debug|x86.ActiveCfg = Debug|Any CPU
		{CD18BDBA-DAF5-4365-AA6D-B3E02D43F09A}.Debug|x86.Build.0 = Debug|Any CPU
		{CD18BDBA-DAF5-4365-AA6D-B3E02D43F09A}.Release|Any CPU.ActiveCfg = Release|Any CPU
		{CD18BDBA-DAF5-4365-AA6D-B3E02D43F09A}.Release|Any CPU.Build.0 = Release|Any CPU
		{CD18BDBA-DAF5-4365-AA6D-B3E02D43F09A}.Release|x64.ActiveCfg = Release|Any CPU
		{CD18BDBA-DAF5-4365-AA6D-B3E02D43F09A}.Release|x64.Build.0 = Release|Any CPU
		{CD18BDBA-DAF5-4365-AA6D-B3E02D43F09A}.Release|x86.ActiveCfg = Release|Any CPU
		{CD18BDBA-DAF5-4365-AA6D-B3E02D43F09A}.Release|x86.Build.0 = Release|Any CPU
		{8FDA8A8A-4036-467D-B1BD-BFC391023D42}.Debug|Any CPU.ActiveCfg = Debug|Any CPU
		{8FDA8A8A-4036-467D-B1BD-BFC391023D42}.Debug|Any CPU.Build.0 = Debug|Any CPU
		{8FDA8A8A-4036-467D-B1BD-BFC391023D42}.Debug|x64.ActiveCfg = Debug|Any CPU
		{8FDA8A8A-4036-467D-B1BD-BFC391023D42}.Debug|x64.Build.0 = Debug|Any CPU
		{8FDA8A8A-4036-467D-B1BD-BFC391023D42}.Debug|x86.ActiveCfg = Debug|Any CPU
		{8FDA8A8A-4036-467D-B1BD-BFC391023D42}.Debug|x86.Build.0 = Debug|Any CPU
		{8FDA8A8A-4036-467D-B1BD-BFC391023D42}.Release|Any CPU.ActiveCfg = Release|Any CPU
		{8FDA8A8A-4036-467D-B1BD-BFC391023D42}.Release|Any CPU.Build.0 = Release|Any CPU
		{8FDA8A8A-4036-467D-B1BD-BFC391023D42}.Release|x64.ActiveCfg = Release|Any CPU
		{8FDA8A8A-4036-467D-B1BD-BFC391023D42}.Release|x64.Build.0 = Release|Any CPU
		{8FDA8A8A-4036-467D-B1BD-BFC391023D42}.Release|x86.ActiveCfg = Release|Any CPU
		{8FDA8A8A-4036-467D-B1BD-BFC391023D42}.Release|x86.Build.0 = Release|Any CPU
		{95BEE1C1-717F-49C6-9AD6-F2332C8C284A}.Debug|Any CPU.ActiveCfg = Debug|Any CPU
		{95BEE1C1-717F-49C6-9AD6-F2332C8C284A}.Debug|Any CPU.Build.0 = Debug|Any CPU
		{95BEE1C1-717F-49C6-9AD6-F2332C8C284A}.Debug|x64.ActiveCfg = Debug|Any CPU
		{95BEE1C1-717F-49C6-9AD6-F2332C8C284A}.Debug|x64.Build.0 = Debug|Any CPU
		{95BEE1C1-717F-49C6-9AD6-F2332C8C284A}.Debug|x86.ActiveCfg = Debug|Any CPU
		{95BEE1C1-717F-49C6-9AD6-F2332C8C284A}.Debug|x86.Build.0 = Debug|Any CPU
		{95BEE1C1-717F-49C6-9AD6-F2332C8C284A}.Release|Any CPU.ActiveCfg = Release|Any CPU
		{95BEE1C1-717F-49C6-9AD6-F2332C8C284A}.Release|Any CPU.Build.0 = Release|Any CPU
		{95BEE1C1-717F-49C6-9AD6-F2332C8C284A}.Release|x64.ActiveCfg = Release|Any CPU
		{95BEE1C1-717F-49C6-9AD6-F2332C8C284A}.Release|x64.Build.0 = Release|Any CPU
		{95BEE1C1-717F-49C6-9AD6-F2332C8C284A}.Release|x86.ActiveCfg = Release|Any CPU
		{95BEE1C1-717F-49C6-9AD6-F2332C8C284A}.Release|x86.Build.0 = Release|Any CPU
		{3307D500-B76C-4435-B5B8-34AC7CB7D337}.Debug|Any CPU.ActiveCfg = Debug|Any CPU
		{3307D500-B76C-4435-B5B8-34AC7CB7D337}.Debug|Any CPU.Build.0 = Debug|Any CPU
		{3307D500-B76C-4435-B5B8-34AC7CB7D337}.Debug|x64.ActiveCfg = Debug|Any CPU
		{3307D500-B76C-4435-B5B8-34AC7CB7D337}.Debug|x64.Build.0 = Debug|Any CPU
		{3307D500-B76C-4435-B5B8-34AC7CB7D337}.Debug|x86.ActiveCfg = Debug|Any CPU
		{3307D500-B76C-4435-B5B8-34AC7CB7D337}.Debug|x86.Build.0 = Debug|Any CPU
		{3307D500-B76C-4435-B5B8-34AC7CB7D337}.Release|Any CPU.ActiveCfg = Release|Any CPU
		{3307D500-B76C-4435-B5B8-34AC7CB7D337}.Release|Any CPU.Build.0 = Release|Any CPU
		{3307D500-B76C-4435-B5B8-34AC7CB7D337}.Release|x64.ActiveCfg = Release|Any CPU
		{3307D500-B76C-4435-B5B8-34AC7CB7D337}.Release|x64.Build.0 = Release|Any CPU
		{3307D500-B76C-4435-B5B8-34AC7CB7D337}.Release|x86.ActiveCfg = Release|Any CPU
		{3307D500-B76C-4435-B5B8-34AC7CB7D337}.Release|x86.Build.0 = Release|Any CPU
		{4D4AEACE-08CB-4426-A868-7F5F5D20CF38}.Debug|Any CPU.ActiveCfg = Debug|Any CPU
		{4D4AEACE-08CB-4426-A868-7F5F5D20CF38}.Debug|Any CPU.Build.0 = Debug|Any CPU
		{4D4AEACE-08CB-4426-A868-7F5F5D20CF38}.Debug|x64.ActiveCfg = Debug|Any CPU
		{4D4AEACE-08CB-4426-A868-7F5F5D20CF38}.Debug|x64.Build.0 = Debug|Any CPU
		{4D4AEACE-08CB-4426-A868-7F5F5D20CF38}.Debug|x86.ActiveCfg = Debug|Any CPU
		{4D4AEACE-08CB-4426-A868-7F5F5D20CF38}.Debug|x86.Build.0 = Debug|Any CPU
		{4D4AEACE-08CB-4426-A868-7F5F5D20CF38}.Release|Any CPU.ActiveCfg = Release|Any CPU
		{4D4AEACE-08CB-4426-A868-7F5F5D20CF38}.Release|Any CPU.Build.0 = Release|Any CPU
		{4D4AEACE-08CB-4426-A868-7F5F5D20CF38}.Release|x64.ActiveCfg = Release|Any CPU
		{4D4AEACE-08CB-4426-A868-7F5F5D20CF38}.Release|x64.Build.0 = Release|Any CPU
		{4D4AEACE-08CB-4426-A868-7F5F5D20CF38}.Release|x86.ActiveCfg = Release|Any CPU
		{4D4AEACE-08CB-4426-A868-7F5F5D20CF38}.Release|x86.Build.0 = Release|Any CPU
		{CEBC7D84-68A9-4A03-8191-386B696201C4}.Debug|Any CPU.ActiveCfg = Debug|Any CPU
		{CEBC7D84-68A9-4A03-8191-386B696201C4}.Debug|Any CPU.Build.0 = Debug|Any CPU
		{CEBC7D84-68A9-4A03-8191-386B696201C4}.Debug|x64.ActiveCfg = Debug|Any CPU
		{CEBC7D84-68A9-4A03-8191-386B696201C4}.Debug|x64.Build.0 = Debug|Any CPU
		{CEBC7D84-68A9-4A03-8191-386B696201C4}.Debug|x86.ActiveCfg = Debug|Any CPU
		{CEBC7D84-68A9-4A03-8191-386B696201C4}.Debug|x86.Build.0 = Debug|Any CPU
		{CEBC7D84-68A9-4A03-8191-386B696201C4}.Release|Any CPU.ActiveCfg = Release|Any CPU
		{CEBC7D84-68A9-4A03-8191-386B696201C4}.Release|Any CPU.Build.0 = Release|Any CPU
		{CEBC7D84-68A9-4A03-8191-386B696201C4}.Release|x64.ActiveCfg = Release|Any CPU
		{CEBC7D84-68A9-4A03-8191-386B696201C4}.Release|x64.Build.0 = Release|Any CPU
		{CEBC7D84-68A9-4A03-8191-386B696201C4}.Release|x86.ActiveCfg = Release|Any CPU
		{CEBC7D84-68A9-4A03-8191-386B696201C4}.Release|x86.Build.0 = Release|Any CPU
		{F7E8DF8B-F60D-457E-9DCC-4F2596FCC41A}.Debug|Any CPU.ActiveCfg = Debug|Any CPU
		{F7E8DF8B-F60D-457E-9DCC-4F2596FCC41A}.Debug|Any CPU.Build.0 = Debug|Any CPU
		{F7E8DF8B-F60D-457E-9DCC-4F2596FCC41A}.Debug|x64.ActiveCfg = Debug|Any CPU
		{F7E8DF8B-F60D-457E-9DCC-4F2596FCC41A}.Debug|x64.Build.0 = Debug|Any CPU
		{F7E8DF8B-F60D-457E-9DCC-4F2596FCC41A}.Debug|x86.ActiveCfg = Debug|Any CPU
		{F7E8DF8B-F60D-457E-9DCC-4F2596FCC41A}.Debug|x86.Build.0 = Debug|Any CPU
		{F7E8DF8B-F60D-457E-9DCC-4F2596FCC41A}.Release|Any CPU.ActiveCfg = Release|Any CPU
		{F7E8DF8B-F60D-457E-9DCC-4F2596FCC41A}.Release|Any CPU.Build.0 = Release|Any CPU
		{F7E8DF8B-F60D-457E-9DCC-4F2596FCC41A}.Release|x64.ActiveCfg = Release|Any CPU
		{F7E8DF8B-F60D-457E-9DCC-4F2596FCC41A}.Release|x64.Build.0 = Release|Any CPU
		{F7E8DF8B-F60D-457E-9DCC-4F2596FCC41A}.Release|x86.ActiveCfg = Release|Any CPU
		{F7E8DF8B-F60D-457E-9DCC-4F2596FCC41A}.Release|x86.Build.0 = Release|Any CPU
		{6AD1025F-6D2F-498E-8B04-E693A3AE6776}.Debug|Any CPU.ActiveCfg = Debug|Any CPU
		{6AD1025F-6D2F-498E-8B04-E693A3AE6776}.Debug|Any CPU.Build.0 = Debug|Any CPU
		{6AD1025F-6D2F-498E-8B04-E693A3AE6776}.Debug|x64.ActiveCfg = Debug|Any CPU
		{6AD1025F-6D2F-498E-8B04-E693A3AE6776}.Debug|x64.Build.0 = Debug|Any CPU
		{6AD1025F-6D2F-498E-8B04-E693A3AE6776}.Debug|x86.ActiveCfg = Debug|Any CPU
		{6AD1025F-6D2F-498E-8B04-E693A3AE6776}.Debug|x86.Build.0 = Debug|Any CPU
		{6AD1025F-6D2F-498E-8B04-E693A3AE6776}.Release|Any CPU.ActiveCfg = Release|Any CPU
		{6AD1025F-6D2F-498E-8B04-E693A3AE6776}.Release|Any CPU.Build.0 = Release|Any CPU
		{6AD1025F-6D2F-498E-8B04-E693A3AE6776}.Release|x64.ActiveCfg = Release|Any CPU
		{6AD1025F-6D2F-498E-8B04-E693A3AE6776}.Release|x64.Build.0 = Release|Any CPU
		{6AD1025F-6D2F-498E-8B04-E693A3AE6776}.Release|x86.ActiveCfg = Release|Any CPU
		{6AD1025F-6D2F-498E-8B04-E693A3AE6776}.Release|x86.Build.0 = Release|Any CPU
		{1DD77B97-79FE-4EAD-8579-B975EC30BA52}.Debug|Any CPU.ActiveCfg = Debug|Any CPU
		{1DD77B97-79FE-4EAD-8579-B975EC30BA52}.Debug|Any CPU.Build.0 = Debug|Any CPU
		{1DD77B97-79FE-4EAD-8579-B975EC30BA52}.Debug|x64.ActiveCfg = Debug|Any CPU
		{1DD77B97-79FE-4EAD-8579-B975EC30BA52}.Debug|x64.Build.0 = Debug|Any CPU
		{1DD77B97-79FE-4EAD-8579-B975EC30BA52}.Debug|x86.ActiveCfg = Debug|Any CPU
		{1DD77B97-79FE-4EAD-8579-B975EC30BA52}.Debug|x86.Build.0 = Debug|Any CPU
		{1DD77B97-79FE-4EAD-8579-B975EC30BA52}.Release|Any CPU.ActiveCfg = Release|Any CPU
		{1DD77B97-79FE-4EAD-8579-B975EC30BA52}.Release|Any CPU.Build.0 = Release|Any CPU
		{1DD77B97-79FE-4EAD-8579-B975EC30BA52}.Release|x64.ActiveCfg = Release|Any CPU
		{1DD77B97-79FE-4EAD-8579-B975EC30BA52}.Release|x64.Build.0 = Release|Any CPU
		{1DD77B97-79FE-4EAD-8579-B975EC30BA52}.Release|x86.ActiveCfg = Release|Any CPU
		{1DD77B97-79FE-4EAD-8579-B975EC30BA52}.Release|x86.Build.0 = Release|Any CPU
		{3C7A8681-32DF-4485-AFA1-95C683AE42CC}.Debug|Any CPU.ActiveCfg = Debug|Any CPU
		{3C7A8681-32DF-4485-AFA1-95C683AE42CC}.Debug|Any CPU.Build.0 = Debug|Any CPU
		{3C7A8681-32DF-4485-AFA1-95C683AE42CC}.Debug|x64.ActiveCfg = Debug|Any CPU
		{3C7A8681-32DF-4485-AFA1-95C683AE42CC}.Debug|x64.Build.0 = Debug|Any CPU
		{3C7A8681-32DF-4485-AFA1-95C683AE42CC}.Debug|x86.ActiveCfg = Debug|Any CPU
		{3C7A8681-32DF-4485-AFA1-95C683AE42CC}.Debug|x86.Build.0 = Debug|Any CPU
		{3C7A8681-32DF-4485-AFA1-95C683AE42CC}.Release|Any CPU.ActiveCfg = Release|Any CPU
		{3C7A8681-32DF-4485-AFA1-95C683AE42CC}.Release|Any CPU.Build.0 = Release|Any CPU
		{3C7A8681-32DF-4485-AFA1-95C683AE42CC}.Release|x64.ActiveCfg = Release|Any CPU
		{3C7A8681-32DF-4485-AFA1-95C683AE42CC}.Release|x64.Build.0 = Release|Any CPU
		{3C7A8681-32DF-4485-AFA1-95C683AE42CC}.Release|x86.ActiveCfg = Release|Any CPU
		{3C7A8681-32DF-4485-AFA1-95C683AE42CC}.Release|x86.Build.0 = Release|Any CPU
		{DBCB0D02-2D15-4565-9380-6C4CD7E53E4A}.Debug|Any CPU.ActiveCfg = Debug|Any CPU
		{DBCB0D02-2D15-4565-9380-6C4CD7E53E4A}.Debug|Any CPU.Build.0 = Debug|Any CPU
		{DBCB0D02-2D15-4565-9380-6C4CD7E53E4A}.Debug|x64.ActiveCfg = Debug|Any CPU
		{DBCB0D02-2D15-4565-9380-6C4CD7E53E4A}.Debug|x64.Build.0 = Debug|Any CPU
		{DBCB0D02-2D15-4565-9380-6C4CD7E53E4A}.Debug|x86.ActiveCfg = Debug|Any CPU
		{DBCB0D02-2D15-4565-9380-6C4CD7E53E4A}.Debug|x86.Build.0 = Debug|Any CPU
		{DBCB0D02-2D15-4565-9380-6C4CD7E53E4A}.Release|Any CPU.ActiveCfg = Release|Any CPU
		{DBCB0D02-2D15-4565-9380-6C4CD7E53E4A}.Release|Any CPU.Build.0 = Release|Any CPU
		{DBCB0D02-2D15-4565-9380-6C4CD7E53E4A}.Release|x64.ActiveCfg = Release|Any CPU
		{DBCB0D02-2D15-4565-9380-6C4CD7E53E4A}.Release|x64.Build.0 = Release|Any CPU
		{DBCB0D02-2D15-4565-9380-6C4CD7E53E4A}.Release|x86.ActiveCfg = Release|Any CPU
		{DBCB0D02-2D15-4565-9380-6C4CD7E53E4A}.Release|x86.Build.0 = Release|Any CPU
		{CB9BB549-534E-42A3-8F0D-9D273D5CF01C}.Debug|Any CPU.ActiveCfg = Debug|Any CPU
		{CB9BB549-534E-42A3-8F0D-9D273D5CF01C}.Debug|Any CPU.Build.0 = Debug|Any CPU
		{CB9BB549-534E-42A3-8F0D-9D273D5CF01C}.Debug|x64.ActiveCfg = Debug|Any CPU
		{CB9BB549-534E-42A3-8F0D-9D273D5CF01C}.Debug|x64.Build.0 = Debug|Any CPU
		{CB9BB549-534E-42A3-8F0D-9D273D5CF01C}.Debug|x86.ActiveCfg = Debug|Any CPU
		{CB9BB549-534E-42A3-8F0D-9D273D5CF01C}.Debug|x86.Build.0 = Debug|Any CPU
		{CB9BB549-534E-42A3-8F0D-9D273D5CF01C}.Release|Any CPU.ActiveCfg = Release|Any CPU
		{CB9BB549-534E-42A3-8F0D-9D273D5CF01C}.Release|Any CPU.Build.0 = Release|Any CPU
		{CB9BB549-534E-42A3-8F0D-9D273D5CF01C}.Release|x64.ActiveCfg = Release|Any CPU
		{CB9BB549-534E-42A3-8F0D-9D273D5CF01C}.Release|x64.Build.0 = Release|Any CPU
		{CB9BB549-534E-42A3-8F0D-9D273D5CF01C}.Release|x86.ActiveCfg = Release|Any CPU
		{CB9BB549-534E-42A3-8F0D-9D273D5CF01C}.Release|x86.Build.0 = Release|Any CPU
		{86C830C7-68C1-4ED8-84FF-657CE342183D}.Debug|Any CPU.ActiveCfg = Debug|Any CPU
		{86C830C7-68C1-4ED8-84FF-657CE342183D}.Debug|Any CPU.Build.0 = Debug|Any CPU
		{86C830C7-68C1-4ED8-84FF-657CE342183D}.Debug|x64.ActiveCfg = Debug|Any CPU
		{86C830C7-68C1-4ED8-84FF-657CE342183D}.Debug|x64.Build.0 = Debug|Any CPU
		{86C830C7-68C1-4ED8-84FF-657CE342183D}.Debug|x86.ActiveCfg = Debug|Any CPU
		{86C830C7-68C1-4ED8-84FF-657CE342183D}.Debug|x86.Build.0 = Debug|Any CPU
		{86C830C7-68C1-4ED8-84FF-657CE342183D}.Release|Any CPU.ActiveCfg = Release|Any CPU
		{86C830C7-68C1-4ED8-84FF-657CE342183D}.Release|Any CPU.Build.0 = Release|Any CPU
		{86C830C7-68C1-4ED8-84FF-657CE342183D}.Release|x64.ActiveCfg = Release|Any CPU
		{86C830C7-68C1-4ED8-84FF-657CE342183D}.Release|x64.Build.0 = Release|Any CPU
		{86C830C7-68C1-4ED8-84FF-657CE342183D}.Release|x86.ActiveCfg = Release|Any CPU
		{86C830C7-68C1-4ED8-84FF-657CE342183D}.Release|x86.Build.0 = Release|Any CPU
		{FD836ABB-8E2A-4611-A25E-3B09308EE4A2}.Debug|Any CPU.ActiveCfg = Debug|Any CPU
		{FD836ABB-8E2A-4611-A25E-3B09308EE4A2}.Debug|Any CPU.Build.0 = Debug|Any CPU
		{FD836ABB-8E2A-4611-A25E-3B09308EE4A2}.Debug|x64.ActiveCfg = Debug|Any CPU
		{FD836ABB-8E2A-4611-A25E-3B09308EE4A2}.Debug|x64.Build.0 = Debug|Any CPU
		{FD836ABB-8E2A-4611-A25E-3B09308EE4A2}.Debug|x86.ActiveCfg = Debug|Any CPU
		{FD836ABB-8E2A-4611-A25E-3B09308EE4A2}.Debug|x86.Build.0 = Debug|Any CPU
		{FD836ABB-8E2A-4611-A25E-3B09308EE4A2}.Release|Any CPU.ActiveCfg = Release|Any CPU
		{FD836ABB-8E2A-4611-A25E-3B09308EE4A2}.Release|Any CPU.Build.0 = Release|Any CPU
		{FD836ABB-8E2A-4611-A25E-3B09308EE4A2}.Release|x64.ActiveCfg = Release|Any CPU
		{FD836ABB-8E2A-4611-A25E-3B09308EE4A2}.Release|x64.Build.0 = Release|Any CPU
		{FD836ABB-8E2A-4611-A25E-3B09308EE4A2}.Release|x86.ActiveCfg = Release|Any CPU
		{FD836ABB-8E2A-4611-A25E-3B09308EE4A2}.Release|x86.Build.0 = Release|Any CPU
		{95DFABB3-0201-4CEB-B76A-A5BCF6949835}.Debug|Any CPU.ActiveCfg = Debug|Any CPU
		{95DFABB3-0201-4CEB-B76A-A5BCF6949835}.Debug|Any CPU.Build.0 = Debug|Any CPU
		{95DFABB3-0201-4CEB-B76A-A5BCF6949835}.Debug|x64.ActiveCfg = Debug|Any CPU
		{95DFABB3-0201-4CEB-B76A-A5BCF6949835}.Debug|x64.Build.0 = Debug|Any CPU
		{95DFABB3-0201-4CEB-B76A-A5BCF6949835}.Debug|x86.ActiveCfg = Debug|Any CPU
		{95DFABB3-0201-4CEB-B76A-A5BCF6949835}.Debug|x86.Build.0 = Debug|Any CPU
		{95DFABB3-0201-4CEB-B76A-A5BCF6949835}.Release|Any CPU.ActiveCfg = Release|Any CPU
		{95DFABB3-0201-4CEB-B76A-A5BCF6949835}.Release|Any CPU.Build.0 = Release|Any CPU
		{95DFABB3-0201-4CEB-B76A-A5BCF6949835}.Release|x64.ActiveCfg = Release|Any CPU
		{95DFABB3-0201-4CEB-B76A-A5BCF6949835}.Release|x64.Build.0 = Release|Any CPU
		{95DFABB3-0201-4CEB-B76A-A5BCF6949835}.Release|x86.ActiveCfg = Release|Any CPU
		{95DFABB3-0201-4CEB-B76A-A5BCF6949835}.Release|x86.Build.0 = Release|Any CPU
		{D421B978-779D-4CF0-9FE3-39ED7367E6DD}.Debug|Any CPU.ActiveCfg = Debug|Any CPU
		{D421B978-779D-4CF0-9FE3-39ED7367E6DD}.Debug|Any CPU.Build.0 = Debug|Any CPU
		{D421B978-779D-4CF0-9FE3-39ED7367E6DD}.Debug|x64.ActiveCfg = Debug|Any CPU
		{D421B978-779D-4CF0-9FE3-39ED7367E6DD}.Debug|x64.Build.0 = Debug|Any CPU
		{D421B978-779D-4CF0-9FE3-39ED7367E6DD}.Debug|x86.ActiveCfg = Debug|Any CPU
		{D421B978-779D-4CF0-9FE3-39ED7367E6DD}.Debug|x86.Build.0 = Debug|Any CPU
		{D421B978-779D-4CF0-9FE3-39ED7367E6DD}.Release|Any CPU.ActiveCfg = Release|Any CPU
		{D421B978-779D-4CF0-9FE3-39ED7367E6DD}.Release|Any CPU.Build.0 = Release|Any CPU
		{D421B978-779D-4CF0-9FE3-39ED7367E6DD}.Release|x64.ActiveCfg = Release|Any CPU
		{D421B978-779D-4CF0-9FE3-39ED7367E6DD}.Release|x64.Build.0 = Release|Any CPU
		{D421B978-779D-4CF0-9FE3-39ED7367E6DD}.Release|x86.ActiveCfg = Release|Any CPU
		{D421B978-779D-4CF0-9FE3-39ED7367E6DD}.Release|x86.Build.0 = Release|Any CPU
		{E225BAB2-E231-4FAC-8E94-035C6E5D1B5D}.Debug|Any CPU.ActiveCfg = Debug|Any CPU
		{E225BAB2-E231-4FAC-8E94-035C6E5D1B5D}.Debug|Any CPU.Build.0 = Debug|Any CPU
		{E225BAB2-E231-4FAC-8E94-035C6E5D1B5D}.Debug|x64.ActiveCfg = Debug|Any CPU
		{E225BAB2-E231-4FAC-8E94-035C6E5D1B5D}.Debug|x64.Build.0 = Debug|Any CPU
		{E225BAB2-E231-4FAC-8E94-035C6E5D1B5D}.Debug|x86.ActiveCfg = Debug|Any CPU
		{E225BAB2-E231-4FAC-8E94-035C6E5D1B5D}.Debug|x86.Build.0 = Debug|Any CPU
		{E225BAB2-E231-4FAC-8E94-035C6E5D1B5D}.Release|Any CPU.ActiveCfg = Release|Any CPU
		{E225BAB2-E231-4FAC-8E94-035C6E5D1B5D}.Release|Any CPU.Build.0 = Release|Any CPU
		{E225BAB2-E231-4FAC-8E94-035C6E5D1B5D}.Release|x64.ActiveCfg = Release|Any CPU
		{E225BAB2-E231-4FAC-8E94-035C6E5D1B5D}.Release|x64.Build.0 = Release|Any CPU
		{E225BAB2-E231-4FAC-8E94-035C6E5D1B5D}.Release|x86.ActiveCfg = Release|Any CPU
		{E225BAB2-E231-4FAC-8E94-035C6E5D1B5D}.Release|x86.Build.0 = Release|Any CPU
		{84EB7A56-172E-46C2-B6BF-4C0D9470592C}.Debug|Any CPU.ActiveCfg = Debug|Any CPU
		{84EB7A56-172E-46C2-B6BF-4C0D9470592C}.Debug|Any CPU.Build.0 = Debug|Any CPU
		{84EB7A56-172E-46C2-B6BF-4C0D9470592C}.Debug|x64.ActiveCfg = Debug|Any CPU
		{84EB7A56-172E-46C2-B6BF-4C0D9470592C}.Debug|x64.Build.0 = Debug|Any CPU
		{84EB7A56-172E-46C2-B6BF-4C0D9470592C}.Debug|x86.ActiveCfg = Debug|Any CPU
		{84EB7A56-172E-46C2-B6BF-4C0D9470592C}.Debug|x86.Build.0 = Debug|Any CPU
		{84EB7A56-172E-46C2-B6BF-4C0D9470592C}.Release|Any CPU.ActiveCfg = Release|Any CPU
		{84EB7A56-172E-46C2-B6BF-4C0D9470592C}.Release|Any CPU.Build.0 = Release|Any CPU
		{84EB7A56-172E-46C2-B6BF-4C0D9470592C}.Release|x64.ActiveCfg = Release|Any CPU
		{84EB7A56-172E-46C2-B6BF-4C0D9470592C}.Release|x64.Build.0 = Release|Any CPU
		{84EB7A56-172E-46C2-B6BF-4C0D9470592C}.Release|x86.ActiveCfg = Release|Any CPU
		{84EB7A56-172E-46C2-B6BF-4C0D9470592C}.Release|x86.Build.0 = Release|Any CPU
		{9BBBCFFB-AF4C-46CB-A994-88E1123CCD94}.Debug|Any CPU.ActiveCfg = Debug|Any CPU
		{9BBBCFFB-AF4C-46CB-A994-88E1123CCD94}.Debug|Any CPU.Build.0 = Debug|Any CPU
		{9BBBCFFB-AF4C-46CB-A994-88E1123CCD94}.Debug|x64.ActiveCfg = Debug|Any CPU
		{9BBBCFFB-AF4C-46CB-A994-88E1123CCD94}.Debug|x64.Build.0 = Debug|Any CPU
		{9BBBCFFB-AF4C-46CB-A994-88E1123CCD94}.Debug|x86.ActiveCfg = Debug|Any CPU
		{9BBBCFFB-AF4C-46CB-A994-88E1123CCD94}.Debug|x86.Build.0 = Debug|Any CPU
		{9BBBCFFB-AF4C-46CB-A994-88E1123CCD94}.Release|Any CPU.ActiveCfg = Release|Any CPU
		{9BBBCFFB-AF4C-46CB-A994-88E1123CCD94}.Release|Any CPU.Build.0 = Release|Any CPU
		{9BBBCFFB-AF4C-46CB-A994-88E1123CCD94}.Release|x64.ActiveCfg = Release|Any CPU
		{9BBBCFFB-AF4C-46CB-A994-88E1123CCD94}.Release|x64.Build.0 = Release|Any CPU
		{9BBBCFFB-AF4C-46CB-A994-88E1123CCD94}.Release|x86.ActiveCfg = Release|Any CPU
		{9BBBCFFB-AF4C-46CB-A994-88E1123CCD94}.Release|x86.Build.0 = Release|Any CPU
		{A26537C2-B79F-457A-9277-6F539FF40EB4}.Debug|Any CPU.ActiveCfg = Debug|Any CPU
		{A26537C2-B79F-457A-9277-6F539FF40EB4}.Debug|Any CPU.Build.0 = Debug|Any CPU
		{A26537C2-B79F-457A-9277-6F539FF40EB4}.Debug|x64.ActiveCfg = Debug|Any CPU
		{A26537C2-B79F-457A-9277-6F539FF40EB4}.Debug|x64.Build.0 = Debug|Any CPU
		{A26537C2-B79F-457A-9277-6F539FF40EB4}.Debug|x86.ActiveCfg = Debug|Any CPU
		{A26537C2-B79F-457A-9277-6F539FF40EB4}.Debug|x86.Build.0 = Debug|Any CPU
		{A26537C2-B79F-457A-9277-6F539FF40EB4}.Release|Any CPU.ActiveCfg = Release|Any CPU
		{A26537C2-B79F-457A-9277-6F539FF40EB4}.Release|Any CPU.Build.0 = Release|Any CPU
		{A26537C2-B79F-457A-9277-6F539FF40EB4}.Release|x64.ActiveCfg = Release|Any CPU
		{A26537C2-B79F-457A-9277-6F539FF40EB4}.Release|x64.Build.0 = Release|Any CPU
		{A26537C2-B79F-457A-9277-6F539FF40EB4}.Release|x86.ActiveCfg = Release|Any CPU
		{A26537C2-B79F-457A-9277-6F539FF40EB4}.Release|x86.Build.0 = Release|Any CPU
	EndGlobalSection
	GlobalSection(SolutionProperties) = preSolution
		HideSolutionNode = FALSE
	EndGlobalSection
	GlobalSection(NestedProjects) = preSolution
		{AA7D8982-A735-487A-AF58-CB31257558ED} = {97136FCE-5124-41A3-B151-92DAB2DC3861}
		{68E756D6-BD84-452E-B45C-57E6F7BBFCCB} = {1BD8ADA7-4D90-4030-8A3D-E4E424A1908E}
		{862F75DB-DB5E-4D5C-A4B2-79F17B1B4288} = {1BD8ADA7-4D90-4030-8A3D-E4E424A1908E}
		{22736512-F2C2-42A9-9446-456EA9AD42DA} = {D5CA5390-8999-42D1-9D95-1A5A834CCF04}
		{119984D5-1A2C-4C0D-A10B-D5919FCA1592} = {D5CA5390-8999-42D1-9D95-1A5A834CCF04}
		{F75717C4-6BE1-4A58-AD3D-EEFC392D996D} = {D5CA5390-8999-42D1-9D95-1A5A834CCF04}
		{C8E66BDA-5BED-4C03-8EEC-2844B0929EC5} = {2F822D98-0BCB-4C80-8CD4-B2C2550FAE1C}
		{48C06641-6871-4EF4-B3E0-AA124FC629EF} = {2F822D98-0BCB-4C80-8CD4-B2C2550FAE1C}
		{E8438163-E069-4DFB-8B17-E6AE849697A7} = {2F822D98-0BCB-4C80-8CD4-B2C2550FAE1C}
		{B46C62E7-2936-4298-8DBC-6A7D1C3FB977} = {A08D551A-F19D-48B3-8EA1-DA772C89DA34}
		{850ED87D-6CD4-47A3-88BD-3101DE8F86CE} = {A08D551A-F19D-48B3-8EA1-DA772C89DA34}
		{CD18BDBA-DAF5-4365-AA6D-B3E02D43F09A} = {A08D551A-F19D-48B3-8EA1-DA772C89DA34}
		{8FDA8A8A-4036-467D-B1BD-BFC391023D42} = {A77C4AF4-B3CF-46EF-A4B6-6241943B9B01}
		{95BEE1C1-717F-49C6-9AD6-F2332C8C284A} = {97136FCE-5124-41A3-B151-92DAB2DC3861}
		{3307D500-B76C-4435-B5B8-34AC7CB7D337} = {5939AF71-CE49-4676-AD0F-67DE157521A2}
		{4D4AEACE-08CB-4426-A868-7F5F5D20CF38} = {A77C4AF4-B3CF-46EF-A4B6-6241943B9B01}
		{CEBC7D84-68A9-4A03-8191-386B696201C4} = {D5CA5390-8999-42D1-9D95-1A5A834CCF04}
		{F7E8DF8B-F60D-457E-9DCC-4F2596FCC41A} = {A08D551A-F19D-48B3-8EA1-DA772C89DA34}
		{6AD1025F-6D2F-498E-8B04-E693A3AE6776} = {D5CA5390-8999-42D1-9D95-1A5A834CCF04}
		{1DD77B97-79FE-4EAD-8579-B975EC30BA52} = {A77C4AF4-B3CF-46EF-A4B6-6241943B9B01}
		{3C7A8681-32DF-4485-AFA1-95C683AE42CC} = {A77C4AF4-B3CF-46EF-A4B6-6241943B9B01}
		{DBCB0D02-2D15-4565-9380-6C4CD7E53E4A} = {A77C4AF4-B3CF-46EF-A4B6-6241943B9B01}
		{CB9BB549-534E-42A3-8F0D-9D273D5CF01C} = {A77C4AF4-B3CF-46EF-A4B6-6241943B9B01}
		{86C830C7-68C1-4ED8-84FF-657CE342183D} = {7E143A47-AC32-44AE-8317-8D613035BBF8}
		{FD836ABB-8E2A-4611-A25E-3B09308EE4A2} = {7E143A47-AC32-44AE-8317-8D613035BBF8}
		{95DFABB3-0201-4CEB-B76A-A5BCF6949835} = {7E143A47-AC32-44AE-8317-8D613035BBF8}
		{D421B978-779D-4CF0-9FE3-39ED7367E6DD} = {7E143A47-AC32-44AE-8317-8D613035BBF8}
		{E225BAB2-E231-4FAC-8E94-035C6E5D1B5D} = {7E143A47-AC32-44AE-8317-8D613035BBF8}
		{84EB7A56-172E-46C2-B6BF-4C0D9470592C} = {A77C4AF4-B3CF-46EF-A4B6-6241943B9B01}
		{9BBBCFFB-AF4C-46CB-A994-88E1123CCD94} = {83E999BB-D2E3-4D2A-B57D-594BD617C638}
		{A26537C2-B79F-457A-9277-6F539FF40EB4} = {A77C4AF4-B3CF-46EF-A4B6-6241943B9B01}
	EndGlobalSection
EndGlobal
